
Microsoft Visual Studio Solution File, Format Version 12.00
# Visual Studio Version 16
VisualStudioVersion = 16.0.34031.81
MinimumVisualStudioVersion = 10.0.40219.1
Project("{9A19103F-16F7-4668-BE54-9A1E7A4F7556}") = "ExerciseConsole", "ExerciseConsole\ExerciseConsole.csproj", "{C72BC35A-7A59-4BD2-9D5A-BA2B62951A2A}"
EndProject
Project("{9A19103F-16F7-4668-BE54-9A1E7A4F7556}") = "SmtpMail", "SmtpMail\SmtpMail.csproj", "{4D397347-BABA-4CB8-89B1-DACDA70FB043}"
EndProject
Project("{9A19103F-16F7-4668-BE54-9A1E7A4F7556}") = "FileReadWrite", "FileReadWrite\FileReadWrite.csproj", "{165B281B-EACF-479C-9213-597EEFF9EAFA}"
EndProject
Project("{FAE04EC0-301F-11D3-BF4B-00C04F79EFBC}") = "JsonReader", "JsonReader\JsonReader.csproj", "{A46E1FAC-D069-448D-9C6E-74B2B08B29B4}"
EndProject
Global
	GlobalSection(SolutionConfigurationPlatforms) = preSolution
		Debug|Any CPU = Debug|Any CPU
		Release|Any CPU = Release|Any CPU
	EndGlobalSection
	GlobalSection(ProjectConfigurationPlatforms) = postSolution
		{C72BC35A-7A59-4BD2-9D5A-BA2B62951A2A}.Debug|Any CPU.ActiveCfg = Debug|Any CPU
		{C72BC35A-7A59-4BD2-9D5A-BA2B62951A2A}.Debug|Any CPU.Build.0 = Debug|Any CPU
		{C72BC35A-7A59-4BD2-9D5A-BA2B62951A2A}.Release|Any CPU.ActiveCfg = Release|Any CPU
		{C72BC35A-7A59-4BD2-9D5A-BA2B62951A2A}.Release|Any CPU.Build.0 = Release|Any CPU
		{4D397347-BABA-4CB8-89B1-DACDA70FB043}.Debug|Any CPU.ActiveCfg = Debug|Any CPU
		{4D397347-BABA-4CB8-89B1-DACDA70FB043}.Debug|Any CPU.Build.0 = Debug|Any CPU
		{4D397347-BABA-4CB8-89B1-DACDA70FB043}.Release|Any CPU.ActiveCfg = Release|Any CPU
		{4D397347-BABA-4CB8-89B1-DACDA70FB043}.Release|Any CPU.Build.0 = Release|Any CPU
		{165B281B-EACF-479C-9213-597EEFF9EAFA}.Debug|Any CPU.ActiveCfg = Debug|Any CPU
		{165B281B-EACF-479C-9213-597EEFF9EAFA}.Debug|Any CPU.Build.0 = Debug|Any CPU
		{165B281B-EACF-479C-9213-597EEFF9EAFA}.Release|Any CPU.ActiveCfg = Release|Any CPU
		{165B281B-EACF-479C-9213-597EEFF9EAFA}.Release|Any CPU.Build.0 = Release|Any CPU
		{A46E1FAC-D069-448D-9C6E-74B2B08B29B4}.Debug|Any CPU.ActiveCfg = Debug|Any CPU
		{A46E1FAC-D069-448D-9C6E-74B2B08B29B4}.Debug|Any CPU.Build.0 = Debug|Any CPU
		{A46E1FAC-D069-448D-9C6E-74B2B08B29B4}.Release|Any CPU.ActiveCfg = Release|Any CPU
		{A46E1FAC-D069-448D-9C6E-74B2B08B29B4}.Release|Any CPU.Build.0 = Release|Any CPU
	EndGlobalSection
	GlobalSection(SolutionProperties) = preSolution
		HideSolutionNode = FALSE
	EndGlobalSection
	GlobalSection(ExtensibilityGlobals) = postSolution
		SolutionGuid = {8107E780-C56F-4B47-83BE-2F3D56AC5B3C}
	EndGlobalSection
EndGlobal
